github.com/J-Siu/go-helper/v2 v2.6.5 h1:EVTjsBacgeT0CUvsCXGSxWgZGLo+5kvJz771HiGG7MM=
github.com/J-Siu/go-helper/v2 v2.6.5/go.mod h1:xMmpBESfx/Z5eab1bTNgu6YpEOvBZUorjNfLdGu4fN4=
github.com/J-Siu/go-restapi v1.0.3 h1:FhCqCjskaMS3yHrrCKU/WwfG3pVEi1CrPFPfOBH/cHE=
github.com/J-Siu/go-restapi v1.0.3/go.mod h1:VPlOEW4GlDeSsyibJONlNJMrAJowE2MsljeWkKsKFko=
github.com/charlievieth/strcase v0.0.5 h1:gV4iXVyD6eI5KdfOV+/vIVCKXZwtCWOmDMcu7Uy00Rs=
github.com/charlievieth/strcase v0.0.5/go.mod h1:FIOYY1aDBMSIOFqmVomHBpoK+bteGlESRsgsdWjrhx8=
golang.org/x/sys v0.39.0 h1:CvCKL8MeisomCi6qNZ+wbb0DN9E5AATixKsvNtMoMFk=
golang.org/x/sys v0.39.0/go.mod h1:OgkHotnGiDImocRcuBABYBEXf8A9a87e/uXjp9XT3ks=
