github.com/J-Siu/go-helper/v2 v2.4.3 h1:fviNVTxPUfSQ52bISwFCFNaUxCgh4Ep44Thohn7OAAs=
github.com/J-Siu/go-helper/v2 v2.4.3/go.mod h1:yjoN0uaZ75FX8xKGMZ2WpY+OwQ074cTdIolarsBH9co=
github.com/J-Siu/go-restapi v1.0.0 h1:b7TqLnQ45Uo8ejUZS/SuB14g30i9Hg0X6e99t3JBa8M=
github.com/J-Siu/go-restapi v1.0.0/go.mod h1:dsZa4Mrb3Lvyojx6eJQ8aEOElN7J2mr+iEItWGzhapk=
github.com/charlievieth/strcase v0.0.5 h1:gV4iXVyD6eI5KdfOV+/vIVCKXZwtCWOmDMcu7Uy00Rs=
github.com/charlievieth/strcase v0.0.5/go.mod h1:FIOYY1aDBMSIOFqmVomHBpoK+bteGlESRsgsdWjrhx8=
golang.org/x/sys v0.36.0 h1:KVRy2GtZBrk1cBYA7MKu5bEZFxQk4NIDV6RLVcC8o0k=
golang.org/x/sys v0.36.0/go.mod h1:OgkHotnGiDImocRcuBABYBEXf8A9a87e/uXjp9XT3ks=
